version = 1
revision = 3
requires-python = ">=3.12"

[[package]]
name = "fable-library"
version = "5.0.0rc2"
source = { registry = "https://pypi.org/simple" }
dependencies = [
    { name = "python-dateutil" },
]
sdist = { url = "https://files.pythonhosted.org/packages/b6/d4/3461a1f20625c5fb932d91c690e4269ed853ae825a480398fc76467ecad4/fable_library-5.0.0rc2.tar.gz", hash = "sha256:e1bbdd822ad06914e6d2f4ec448bcfff6141957183dbe8072614dbd32a3b7942", size = 211420, upload-time = "2026-03-03T20:00:09.359Z" }
wheels = [
    { url = "https://files.pythonhosted.org/packages/61/d4/f9381399702de0b0f09380bb49d2ffc247f53ba09fd5a63c49a074ef4622/fable_library-5.0.0rc2-cp312-cp312-macosx_10_12_x86_64.whl", hash = "sha256:e02bd6afe1c6f86560f583113e1e2642fde25a8d8d6f69e49e1aff88284e5aa0", size = 1695500, upload-time = "2026-03-03T19:59:01.909Z" },
    { url = "https://files.pythonhosted.org/packages/1f/9a/416405225f40429162f0fd2ae3f76d649ae68e89f18ca25bc0d81dc67ac7/fable_library-5.0.0rc2-cp312-cp312-macosx_11_0_arm64.whl", hash = "sha256:94aae478f5ab93af9f46fda40e13228dcc0a1788aa503452fde097d200c1b818", size = 1607182, upload-time = "2026-03-03T19:58:55.203Z" },
    { url = "https://files.pythonhosted.org/packages/c8/ec/072125e85e465a5aaf8f52636f167f588a69c93a27306d6f9da1a51d6b36/fable_library-5.0.0rc2-cp312-cp312-manylinux_2_17_aarch64.manylinux2014_aarch64.whl", hash = "sha256:86c04aa7fb7ec644cdf458eecc7bd0c4532d2fc9bd0ed790c4cf05243b791b5e", size = 1711348, upload-time = "2026-03-03T19:57:30.664Z" },
    { url = "https://files.pythonhosted.org/packages/b7/5b/513b5519be9ef11698593bdccee629975496163767e6290f2e1f087b82ef/fable_library-5.0.0rc2-cp312-cp312-manylinux_2_17_armv7l.manylinux2014_armv7l.whl", hash = "sha256:8b064969d831f3a3b219c110e66b7aa32563f4322daff67994a862fafe43c2ae", size = 1684225, upload-time = "2026-03-03T19:57:46.411Z" },
    { url = "https://files.pythonhosted.org/packages/0c/9c/b094d5c3208918ee27e8e008da1cae6226dea5e4187d8d1b0694d2b424dc/fable_library-5.0.0rc2-cp312-cp312-manylinux_2_17_ppc64le.manylinux2014_ppc64le.whl", hash = "sha256:633a44220c2e80125a0b5dd524b64147b048834fe72b67fde7bdf20f141bcfed", size = 1888527, upload-time = "2026-03-03T19:58:04.822Z" },
    { url = "https://files.pythonhosted.org/packages/61/1e/9018e179463b9958f87993d8b6ab31ad5b63c6b948fd08a4f010edacdea4/fable_library-5.0.0rc2-cp312-cp312-manylinux_2_17_s390x.manylinux2014_s390x.whl", hash = "sha256:13375b45ad63327ddcce05b51faf0b3359439c2eeba629f1ececa0bb561ac112", size = 1811661, upload-time = "2026-03-03T19:58:20.037Z" },
    { url = "https://files.pythonhosted.org/packages/22/85/d08308882beac27f7840d93b97bacb90668ab3f48d639a0d644e975039af/fable_library-5.0.0rc2-cp312-cp312-manylinux_2_17_x86_64.manylinux2014_x86_64.whl", hash = "sha256:df5ff00a221281b36e45d8e298775de9db00a7aaac2b16e1915c3b28c815ca24", size = 1734422, upload-time = "2026-03-03T19:58:46.331Z" },
    { url = "https://files.pythonhosted.org/packages/47/5d/62fe1c9dfc62f0e6810177e480858a041029122c213d87607c2e71f73288/fable_library-5.0.0rc2-cp312-cp312-manylinux_2_5_i686.manylinux1_i686.whl", hash = "sha256:be7287abbebf9af49f254c03372f6594898e43d032266bdf03679a572e4d74fa", size = 1825321, upload-time = "2026-03-03T19:58:34.049Z" },
    { url = "https://files.pythonhosted.org/packages/01/c1/f41d692f475efeb4591500c6e6f858d5e35743f983ee7260a41eae5d290f/fable_library-5.0.0rc2-cp312-cp312-musllinux_1_2_aarch64.whl", hash = "sha256:390c6f85cedc823912854cc0594d407ca429de6fed6e048e5dda56bb236689a0", size = 1889196, upload-time = "2026-03-03T19:59:11.023Z" },
    { url = "https://files.pythonhosted.org/packages/1a/14/b956600b8181fe620cfb7a0ae76ccc7be7fba245b580948da423f85c3554/fable_library-5.0.0rc2-cp312-cp312-musllinux_1_2_armv7l.whl", hash = "sha256:3d7b113e9bf8bad02e9c2835b766a143cde4f915bad21573018457b1a966bf13", size = 1955969, upload-time = "2026-03-03T19:59:27.178Z" },
    { url = "https://files.pythonhosted.org/packages/af/87/45638fdd1640fcc348df7a8bcd01f398b93a61fab89ff83c673c05f58f35/fable_library-5.0.0rc2-cp312-cp312-musllinux_1_2_i686.whl", hash = "sha256:fe90e66f2805c78ae8403f7516872e6f7837397b2a29591be745ef004cc7c35e", size = 1974161, upload-time = "2026-03-03T19:59:41.772Z" },
    { url = "https://files.pythonhosted.org/packages/aa/88/19857a771da97fcafb87df2b6c1517ca36c34f0513b8bf78e5d9b73eeedc/fable_library-5.0.0rc2-cp312-cp312-musllinux_1_2_x86_64.whl", hash = "sha256:38e018ff48268b7d105151b6ab5a17feb1e608153d448fc9d5aeb12307f8c627", size = 1990730, upload-time = "2026-03-03T19:59:57.035Z" },
    { url = "https://files.pythonhosted.org/packages/fe/0d/50ee96a6c071467ee6f4cefdb7c74ede4afc3037d649e6a9a5af56a51aa4/fable_library-5.0.0rc2-cp312-cp312-win_amd64.whl", hash = "sha256:4965cebad3d3078e8cf983c9568f6e21669ed8b61264253932e8e5ee6dce5cb0", size = 1458236, upload-time = "2026-03-03T20:00:14.746Z" },
    { url = "https://files.pythonhosted.org/packages/ce/61/2a5d2aee4fa23725b129fc28a71bc3c31528576c23e3dd5c204b06aeb621/fable_library-5.0.0rc2-cp313-cp313-macosx_10_12_x86_64.whl", hash = "sha256:2961b7c0543cb5eca3cb155f2841277c8d9592ef0b4c662041ed67ceca76a708", size = 1695209, upload-time = "2026-03-03T19:59:03.869Z" },
    { url = "https://files.pythonhosted.org/packages/5b/56/65aba25b49b12d32dbcf8f8ef7ab3cec1885fad38015f89fec584c655307/fable_library-5.0.0rc2-cp313-cp313-macosx_11_0_arm64.whl", hash = "sha256:03fd67f4201791ea988e7ad43ca3068049f6a6779acea0c4cc5fa9a3c06e37e3", size = 1606751, upload-time = "2026-03-03T19:58:56.857Z" },
    { url = "https://files.pythonhosted.org/packages/d7/b0/f1785df18456ef7774e0a630d9baee884aa78c290a260844bf71bfd21819/fable_library-5.0.0rc2-cp313-cp313-manylinux_2_17_aarch64.manylinux2014_aarch64.whl", hash = "sha256:1080d0ffbb064f90af91d9cd216c04c9f4ba2d9786f9afc0a853ce38f154d5db", size = 1711443, upload-time = "2026-03-03T19:57:32.309Z" },
    { url = "https://files.pythonhosted.org/packages/48/c9/792e77138a7e398ecfda70851e121c85bd753c1c75710665b7db52e58b36/fable_library-5.0.0rc2-cp313-cp313-manylinux_2_17_armv7l.manylinux2014_armv7l.whl", hash = "sha256:f9ffcc0fad695d048b04b91e1b8ce0d0bcbea19ee002c42938ce868ec80ed13e", size = 1680487, upload-time = "2026-03-03T19:57:48.078Z" },
    { url = "https://files.pythonhosted.org/packages/a8/7c/59eb33e0af78ac9ea821abbdf00b92fda8acff9d8b0b2a2b2407fa431790/fable_library-5.0.0rc2-cp313-cp313-manylinux_2_17_ppc64le.manylinux2014_ppc64le.whl", hash = "sha256:c63db7625e518d6868405fef410b965fd571f86a4b59df45018c27110b867ad9", size = 1888718, upload-time = "2026-03-03T19:58:06.511Z" },
    { url = "https://files.pythonhosted.org/packages/c2/41/d1d7195bb8f5572ea3cb9a599646ee416a08e89e512627e0f2a9e0516d2b/fable_library-5.0.0rc2-cp313-cp313-manylinux_2_17_s390x.manylinux2014_s390x.whl", hash = "sha256:9ea864697297a4bec94b7c5c2080fc6c3de4777e7ffe46d8282c60134827a85d", size = 1810510, upload-time = "2026-03-03T19:58:21.925Z" },
    { url = "https://files.pythonhosted.org/packages/01/58/3d3e175921416541156c594eaf408ea441d96afd573da75f06187cb91b37/fable_library-5.0.0rc2-cp313-cp313-manylinux_2_17_x86_64.manylinux2014_x86_64.whl", hash = "sha256:3ccdd8eb469085d12736b0486e0a080ef354a8aa08c75702140db7f29e11ce09", size = 1734664, upload-time = "2026-03-03T19:58:48.594Z" },
    { url = "https://files.pythonhosted.org/packages/44/93/508ed0a0ed9590f62aaaf37dd5c7d9098025d87136045c3aa38d380c4efc/fable_library-5.0.0rc2-cp313-cp313-manylinux_2_5_i686.manylinux1_i686.whl", hash = "sha256:28679812a89b76bcbd7e690fab462f5c2d14014a9f8335f01d8e55efd8993f92", size = 1824362, upload-time = "2026-03-03T19:58:35.983Z" },
    { url = "https://files.pythonhosted.org/packages/88/bf/f4e98c29d4417af0e5dbf06f89f91d7036b3718b4bf49ff39a6eb7f6041f/fable_library-5.0.0rc2-cp313-cp313-musllinux_1_2_aarch64.whl", hash = "sha256:0b24056243e5b4385c673da3685f51800e284ad03cdc28351e92a2a165ca6db2", size = 1888992, upload-time = "2026-03-03T19:59:12.799Z" },
    { url = "https://files.pythonhosted.org/packages/b1/c2/42289fa023e361c401a301bb40556388e94084f2c45c22e7174740ec4091/fable_library-5.0.0rc2-cp313-cp313-musllinux_1_2_armv7l.whl", hash = "sha256:f504f1e4829d93aca839e3331cdebec84bbd0d43c3fb034eec01f2f225c47517", size = 1950905, upload-time = "2026-03-03T19:59:28.81Z" },
    { url = "https://files.pythonhosted.org/packages/f2/1d/f60667047523313706abc8be1627d5b3e68ba29052e633fe0f51337e8801/fable_library-5.0.0rc2-cp313-cp313-musllinux_1_2_i686.whl", hash = "sha256:b3b47f3831f5e951837eff6cc9e45663561579f74c5b00caca9b2e7792fd52ce", size = 1973513, upload-time = "2026-03-03T19:59:43.56Z" },
    { url = "https://files.pythonhosted.org/packages/3b/98/664b700f4c0d22b929df9ed14eb0d49856b5e27a5fa96e72ea674c60e9c6/fable_library-5.0.0rc2-cp313-cp313-musllinux_1_2_x86_64.whl", hash = "sha256:ae968381967eb25c38ef0eb8afb294877fe9fbcb262673a81054fc7814b91b8c", size = 1990866, upload-time = "2026-03-03T19:59:59.105Z" },
    { url = "https://files.pythonhosted.org/packages/de/7c/1d73cafcc5ed5a4eecee30042cdf23b78316819df40e20231bafa20a4465/fable_library-5.0.0rc2-cp313-cp313-win_amd64.whl", hash = "sha256:7a90e0b92f030f91052b3f3b6946271547222bb94f62182880cbc5fe99351673", size = 1458112, upload-time = "2026-03-03T20:00:16.487Z" },
    { url = "https://files.pythonhosted.org/packages/a9/91/50602419486b39dfa25030f94631721983b55a5583f64c4dabfca8f55d13/fable_library-5.0.0rc2-cp313-cp313t-manylinux_2_17_aarch64.manylinux2014_aarch64.whl", hash = "sha256:a2a6ed628449fd6bcf96abafc03f34a37041f32999cc2a32f62c91b117231807", size = 1722995, upload-time = "2026-03-03T19:57:34.031Z" },
    { url = "https://files.pythonhosted.org/packages/79/d1/8c436a01487ab81b1582e5b8e4f4462fb037986bb01025a1dfe039f66fe3/fable_library-5.0.0rc2-cp313-cp313t-manylinux_2_17_armv7l.manylinux2014_armv7l.whl", hash = "sha256:70f8193d868d11023dd3ec4f6e94cee8036908cfc32dfca2bdf3d3bce699faa2", size = 1697440, upload-time = "2026-03-03T19:57:50.01Z" },
    { url = "https://files.pythonhosted.org/packages/91/df/5844e34f2e282127e7f34b697e4b75bf77bd541ede0124b688f851b4457c/fable_library-5.0.0rc2-cp313-cp313t-manylinux_2_17_ppc64le.manylinux2014_ppc64le.whl", hash = "sha256:1381ac140c7483e46f9fc728c3e4858f15b9920aeea3814ef024edc8300eb8a5", size = 1902836, upload-time = "2026-03-03T19:58:08.444Z" },
    { url = "https://files.pythonhosted.org/packages/ab/7e/4aae3bf88ae2ea56c18c3421b71dc1e12040ac92eb754003630a88e66913/fable_library-5.0.0rc2-cp313-cp313t-manylinux_2_17_s390x.manylinux2014_s390x.whl", hash = "sha256:52e74c1f0fa1282e01158fccbf9a1faa975c00985269b2634d39d1b994118913", size = 1824166, upload-time = "2026-03-03T19:58:23.524Z" },
    { url = "https://files.pythonhosted.org/packages/e2/ab/5632769b9ab249ffcc1533f11a01e0c21e9924cfacefcba165935b342ce0/fable_library-5.0.0rc2-cp313-cp313t-musllinux_1_2_aarch64.whl", hash = "sha256:a6fc369e641f77b8c4ba8742238407aa103cc2e53f30cf3b67efe6d78b9058d5", size = 1898813, upload-time = "2026-03-03T19:59:14.832Z" },
    { url = "https://files.pythonhosted.org/packages/c4/d7/5a31743fdb4264b5f0614834cc837f761e0ba3f56ea0610fef1eabe35f97/fable_library-5.0.0rc2-cp313-cp313t-musllinux_1_2_armv7l.whl", hash = "sha256:7fb311a07d3114dd0780b8e567e6c9fdcdbe268b15d4c93666779c982755a6fe", size = 1968985, upload-time = "2026-03-03T19:59:30.514Z" },
    { url = "https://files.pythonhosted.org/packages/25/ce/97f6a796249bae48df5d73b676bcdb762a8746318db882569f38fd73a8b6/fable_library-5.0.0rc2-cp313-cp313t-musllinux_1_2_i686.whl", hash = "sha256:126308b2ac3311890e67763896bb4be52712967150332b98dfec9508ce012204", size = 1988866, upload-time = "2026-03-03T19:59:45.332Z" },
    { url = "https://files.pythonhosted.org/packages/ba/ea/84f53fd51205c2454b52f6fd3039e481297fb4725401aa99ec69e3452be5/fable_library-5.0.0rc2-cp313-cp313t-musllinux_1_2_x86_64.whl", hash = "sha256:aedb8095a6b6200ba02c6f5417adea281d2717cccc8908439d0b31b1b57a7459", size = 2009594, upload-time = "2026-03-03T20:00:01.125Z" },
    { url = "https://files.pythonhosted.org/packages/a7/6f/0fc30ee8ce56c7ff907ac2e5dac5d5d86f58fdbf2bb5318fa29cd050986e/fable_library-5.0.0rc2-cp314-cp314-macosx_10_12_x86_64.whl", hash = "sha256:ed168eae2d9163d35d2d3003985dd2151a07443d1ad1e824ab655d29b2d31136", size = 1695209, upload-time = "2026-03-03T19:59:05.896Z" },
    { url = "https://files.pythonhosted.org/packages/7f/bc/bc74b95d2244fe52f05431eabb23a3e9f3e2dce77d3421dde214de2f8b3c/fable_library-5.0.0rc2-cp314-cp314-macosx_11_0_arm64.whl", hash = "sha256:317b7a4eb9fe70b99a7aace3ba2de1e19511667a547c2750a794757fdb68576b", size = 1605917, upload-time = "2026-03-03T19:58:58.426Z" },
    { url = "https://files.pythonhosted.org/packages/0a/a3/2d0f2da5f290e0ecc7cf6d88234cd7de0a6a54d0b8aaf15199991d0b794b/fable_library-5.0.0rc2-cp314-cp314-manylinux_2_17_aarch64.manylinux2014_aarch64.whl", hash = "sha256:30d1f1b3701f4b56c8796fef7faecd174d0e1052e889ca785f7f58a1ba16f132", size = 1709097, upload-time = "2026-03-03T19:57:37.107Z" },
    { url = "https://files.pythonhosted.org/packages/f7/96/09431eab842b7c84ade4dc46bda6ca48cb4c2ded87a04d27ee6c35d47a3a/fable_library-5.0.0rc2-cp314-cp314-manylinux_2_17_armv7l.manylinux2014_armv7l.whl", hash = "sha256:9991ab131296df40a550765ad6b2ea3d38d9f18efee1916ebdeb551ca5faa0ee", size = 1680416, upload-time = "2026-03-03T19:57:53.616Z" },
    { url = "https://files.pythonhosted.org/packages/57/53/23ee25ae5b57bb455e45756d2c11207ccbc6ffb562e1369458afad4e979f/fable_library-5.0.0rc2-cp314-cp314-manylinux_2_17_ppc64le.manylinux2014_ppc64le.whl", hash = "sha256:710aea9f153a440db8607385a5627a3ff33a33c16b1f1615d40e2ca079c0cfa0", size = 1891258, upload-time = "2026-03-03T19:58:10.224Z" },
    { url = "https://files.pythonhosted.org/packages/23/45/c4ce685bcb4f8fa0a6904912b5a317355489a105be0dff4c182323f088f1/fable_library-5.0.0rc2-cp314-cp314-manylinux_2_17_s390x.manylinux2014_s390x.whl", hash = "sha256:b9f9354582b11a29e1014fc7b7e4395882ffe3622f41ba241d18fe7e53602837", size = 1810649, upload-time = "2026-03-03T19:58:25.16Z" },
    { url = "https://files.pythonhosted.org/packages/7f/19/ab16c877bf0e133cb556330c468caf0800f751d05b69b3c0a9b9b18ae22e/fable_library-5.0.0rc2-cp314-cp314-manylinux_2_17_x86_64.manylinux2014_x86_64.whl", hash = "sha256:00d1006cb90328bc25e9c5b1ee8a5f4b73af1f24a96ca508bfbd8f4117a5a452", size = 1733492, upload-time = "2026-03-03T19:58:50.269Z" },
    { url = "https://files.pythonhosted.org/packages/08/d3/8c22de6886a3ba36d5067b8f985920c89c94e744cf10288ffa885abda53f/fable_library-5.0.0rc2-cp314-cp314-manylinux_2_5_i686.manylinux1_i686.whl", hash = "sha256:75381f2c4fad590dc95a8604826e6c2668c0a9a4f86bbe124b3064e848723bb5", size = 1824610, upload-time = "2026-03-03T19:58:38.923Z" },
    { url = "https://files.pythonhosted.org/packages/33/21/a65565f81dcb00d2d91a07b2e299c20038c693482f44c7164dd650591161/fable_library-5.0.0rc2-cp314-cp314-musllinux_1_2_aarch64.whl", hash = "sha256:bf906b3e6d69da85fd62ec00b3b2a84cb54e911a06bbb4d2bee7efa7979caeea", size = 1887224, upload-time = "2026-03-03T19:59:16.617Z" },
    { url = "https://files.pythonhosted.org/packages/25/29/63862236e9396e7711c4f9ef257bc82595a75471a8c58e357efad20077d8/fable_library-5.0.0rc2-cp314-cp314-musllinux_1_2_armv7l.whl", hash = "sha256:7b9b11012359e7e8e6ce9c4c2449530c408ed9637a2af752a7ca46cba3f0b1b4", size = 1952091, upload-time = "2026-03-03T19:59:32.206Z" },
    { url = "https://files.pythonhosted.org/packages/ed/7c/641bf97e6bc96077c453437e1df802c1cb126eca688effed3f8207383a20/fable_library-5.0.0rc2-cp314-cp314-musllinux_1_2_i686.whl", hash = "sha256:ef9be1e91d0066439e3f0ce4ae2ad4e44c9228c8d32f6b4c58bda9b148fc024a", size = 1973237, upload-time = "2026-03-03T19:59:47.601Z" },
    { url = "https://files.pythonhosted.org/packages/90/06/703ec0d5755a5a3dfdd7f8f0c3a615f7c0e7907d29398109723fbb8fad38/fable_library-5.0.0rc2-cp314-cp314-musllinux_1_2_x86_64.whl", hash = "sha256:b578cf3a2ae567da65129e44c949fd58843a08a70bf2ba5536587b16f20abb56", size = 1990185, upload-time = "2026-03-03T20:00:02.854Z" },
    { url = "https://files.pythonhosted.org/packages/0c/5a/2be94104fc012768c28f82a8346e73ba76c0423ecbe641a4c32a7988087b/fable_library-5.0.0rc2-cp314-cp314-win32.whl", hash = "sha256:240a090f1c2848d0aa86802ea75a6b049008053677c1224b9898612f6f43d617", size = 1312439, upload-time = "2026-03-03T20:00:20.37Z" },
    { url = "https://files.pythonhosted.org/packages/06/15/95f5941306687288b41c754b617dd45490856ac73e33822066394c2e245a/fable_library-5.0.0rc2-cp314-cp314-win_amd64.whl", hash = "sha256:b581a4523346511f4c4121b78c9b51a56a125ba1ec08627df89d60fa04058446", size = 1458236, upload-time = "2026-03-03T20:00:18.128Z" },
    { url = "https://files.pythonhosted.org/packages/ff/da/185cb0613b4c1356329fd5933eb114949cd0fe942cbac773b31a9bdf2abb/fable_library-5.0.0rc2-cp314-cp314t-manylinux_2_17_aarch64.manylinux2014_aarch64.whl", hash = "sha256:c362c05320a21638ec0a78fc844a837f044a2db071452d2e8bd4ed3120574702", size = 1722063, upload-time = "2026-03-03T19:57:39.05Z" },
    { url = "https://files.pythonhosted.org/packages/50/48/ba7e8c3fb3b2bb57fc1c54c44adb16ffe4fb61b187d8af45c690979fea39/fable_library-5.0.0rc2-cp314-cp314t-manylinux_2_17_armv7l.manylinux2014_armv7l.whl", hash = "sha256:01f43521ce5662f4df774135dcd28feac1e87fe1b04f1c568524f334f2be3f24", size = 1695482, upload-time = "2026-03-03T19:57:55.429Z" },
    { url = "https://files.pythonhosted.org/packages/c7/c8/916e4790229557fd793302bcb410790a2e8191cac724edf85a1bc950ec24/fable_library-5.0.0rc2-cp314-cp314t-manylinux_2_17_ppc64le.manylinux2014_ppc64le.whl", hash = "sha256:ad10e28691777c85cd1036703afe26cd5343394836df32d7631a14555f687603", size = 1900481, upload-time = "2026-03-03T19:58:12.172Z" },
    { url = "https://files.pythonhosted.org/packages/08/4f/96855247660870cfda5f652b82273dc2ab48fc4df22ad454aa1dc3672350/fable_library-5.0.0rc2-cp314-cp314t-manylinux_2_17_s390x.manylinux2014_s390x.whl", hash = "sha256:04e5599b0bf387eb21c22a1358b85fece17e3ee1ef03049c3cb8a35e088cdd70", size = 1822570, upload-time = "2026-03-03T19:58:26.841Z" },
    { url = "https://files.pythonhosted.org/packages/f0/9d/934ab10f7a08ff195aaaf9d3c2a86447735ac29a53d72e0065c0fb5451fb/fable_library-5.0.0rc2-cp314-cp314t-musllinux_1_2_aarch64.whl", hash = "sha256:1322ae6bdf122379bff44ec579c49dba11b352230e97cb1265fba776a05c8dd0", size = 1898523, upload-time = "2026-03-03T19:59:19.366Z" },
    { url = "https://files.pythonhosted.org/packages/39/1c/6fd1554379267f85ba857f9dd7b632fbfa5aeef4d431a4cf69186a019928/fable_library-5.0.0rc2-cp314-cp314t-musllinux_1_2_armv7l.whl", hash = "sha256:d66ed4734a5dd8c6c93e8def56ccea72a20110028b7839a58f9e9843028767b9", size = 1967097, upload-time = "2026-03-03T19:59:33.921Z" },
    { url = "https://files.pythonhosted.org/packages/13/88/a90d414487ce5e3261a3f63462fc991e571b420c433ebaeb4fdb50cee658/fable_library-5.0.0rc2-cp314-cp314t-musllinux_1_2_i686.whl", hash = "sha256:cd1886e8efa38d87a6a9fb0d4094c7a79caffc63a6dddffc0c14e124d480b99c", size = 1988792, upload-time = "2026-03-03T19:59:49.582Z" },
    { url = "https://files.pythonhosted.org/packages/11/79/1426133895dc129fb217a04cbd1486701efd030fa2e32fc6763128711354/fable_library-5.0.0rc2-cp314-cp314t-musllinux_1_2_x86_64.whl", hash = "sha256:9fc95fb6537ee29add394b5ed77c6c1c13a39d3fc3c65a084f1d64886b25b2bc", size = 2009969, upload-time = "2026-03-03T20:00:05.817Z" },
]

[[package]]
name = "python-dateutil"
version = "2.9.0.post0"
source = { registry = "https://pypi.org/simple" }
dependencies = [
    { name = "six" },
]
sdist = { url = "https://files.pythonhosted.org/packages/66/c0/0c8b6ad9f17a802ee498c46e004a0eb49bc148f2fd230864601a86dcf6db/python-dateutil-2.9.0.post0.tar.gz", hash = "sha256:37dd54208da7e1cd875388217d5e00ebd4179249f90fb72437e91a35459a0ad3", size = 342432, upload-time = "2024-03-01T18:36:20.211Z" }
wheels = [
    { url = "https://files.pythonhosted.org/packages/ec/57/56b9bcc3c9c6a792fcbaf139543cee77261f3651ca9da0c93f5c1221264b/python_dateutil-2.9.0.post0-py2.py3-none-any.whl", hash = "sha256:a8b2bc7bffae282281c8140a97d3aa9c14da0b136dfe83f850eea9a5f7470427", size = 229892, upload-time = "2024-03-01T18:36:18.57Z" },
]

[[package]]
name = "six"
version = "1.17.0"
source = { registry = "https://pypi.org/simple" }
sdist = { url = "https://files.pythonhosted.org/packages/94/e7/b2c673351809dca68a0e064b6af791aa332cf192da575fd474ed7d6f16a2/six-1.17.0.tar.gz", hash = "sha256:ff70335d468e7eb6ec65b95b99d3a2836546063f63acc5171de367e834932a81", size = 34031, upload-time = "2024-12-04T17:35:28.174Z" }
wheels = [
    { url = "https://files.pythonhosted.org/packages/b7/ce/149a00dd41f10bc29e5921b496af8b574d8413afcd5e30dfa0ed46c2cc5e/six-1.17.0-py2.py3-none-any.whl", hash = "sha256:4721f391ed90541fddacab5acf947aa0d3dc7d27b2e1e8eda2be8970586c3274", size = 11050, upload-time = "2024-12-04T17:35:26.475Z" },
]

[[package]]
name = "timeflies-python"
version = "0.1.0"
source = { virtual = "." }
dependencies = [
    { name = "fable-library" },
    { name = "tk" },
]

[package.metadata]
requires-dist = [
    { name = "fable-library", specifier = "==5.0.0rc2" },
    { name = "tk", specifier = ">=0.1.0" },
]

[[package]]
name = "tk"
version = "0.1.0"
source = { registry = "https://pypi.org/simple" }
sdist = { url = "https://files.pythonhosted.org/packages/a0/81/742b342fd642e672fbedecde725ba44db44e800dc4c936216c3c6729885a/tk-0.1.0.tar.gz", hash = "sha256:60bc8923d5d35f67f5c6bd93d4f0c49d2048114ec077768f959aef36d4ed97f8", size = 2247, upload-time = "2019-07-08T06:51:58.051Z" }
wheels = [
    { url = "https://files.pythonhosted.org/packages/1e/0b/029cbdb868bb555fed99bf6540fff072d500b3f895873709f25084e85e33/tk-0.1.0-py3-none-any.whl", hash = "sha256:703a69ff0d5ba2bd2f7440582ad10160e4a6561595d33457dc6caa79b9bf4930", size = 3879, upload-time = "2019-07-08T06:51:55.175Z" },
]
